
Microsoft Visual Studio Solution File, Format Version 12.00
Project("{FAE04EC0-301F-11D3-BF4B-00C04F79EFBC}") = "ConsoleApplication4", "ConsoleApplication4\ConsoleApplication4.csproj", "{0B887E83-F49D-4580-90E5-9AD1C35826DE}"
EndProject
Global
	GlobalSection(SolutionConfigurationPlatforms) = preSolution
		Debug|Any CPU = Debug|Any CPU
		Release|Any CPU = Release|Any CPU
	EndGlobalSection
	GlobalSection(ProjectConfigurationPlatforms) = postSolution
		{0B887E83-F49D-4580-90E5-9AD1C35826DE}.Debug|Any CPU.ActiveCfg = Debug|Any CPU
		{0B887E83-F49D-4580-90E5-9AD1C35826DE}.Debug|Any CPU.Build.0 = Debug|Any CPU
		{0B887E83-F49D-4580-90E5-9AD1C35826DE}.Release|Any CPU.ActiveCfg = Release|Any CPU
		{0B887E83-F49D-4580-90E5-9AD1C35826DE}.Release|Any CPU.Build.0 = Release|Any CPU
	EndGlobalSection
EndGlobal
