
Microsoft Visual Studio Solution File, Format Version 12.00
Project("{FAE04EC0-301F-11D3-BF4B-00C04F79EFBC}") = "ComparisonOperators", "ComparisonOperators\ComparisonOperators.csproj", "{89DF8D75-05D5-4F6C-BBB2-EE752E8FC111}"
EndProject
Global
	GlobalSection(SolutionConfigurationPlatforms) = preSolution
		Debug|Any CPU = Debug|Any CPU
		Release|Any CPU = Release|Any CPU
	EndGlobalSection
	GlobalSection(ProjectConfigurationPlatforms) = postSolution
		{89DF8D75-05D5-4F6C-BBB2-EE752E8FC111}.Debug|Any CPU.ActiveCfg = Debug|Any CPU
		{89DF8D75-05D5-4F6C-BBB2-EE752E8FC111}.Debug|Any CPU.Build.0 = Debug|Any CPU
		{89DF8D75-05D5-4F6C-BBB2-EE752E8FC111}.Release|Any CPU.ActiveCfg = Release|Any CPU
		{89DF8D75-05D5-4F6C-BBB2-EE752E8FC111}.Release|Any CPU.Build.0 = Release|Any CPU
	EndGlobalSection
EndGlobal
