
Microsoft Visual Studio Solution File, Format Version 12.00
Project("{FAE04EC0-301F-11D3-BF4B-00C04F79EFBC}") = "OtherOperator", "OtherOperator\OtherOperator.csproj", "{510DB09B-C96F-4DA8-BFDC-D5C98A2E8856}"
EndProject
Global
	GlobalSection(SolutionConfigurationPlatforms) = preSolution
		Debug|Any CPU = Debug|Any CPU
		Release|Any CPU = Release|Any CPU
	EndGlobalSection
	GlobalSection(ProjectConfigurationPlatforms) = postSolution
		{510DB09B-C96F-4DA8-BFDC-D5C98A2E8856}.Debug|Any CPU.ActiveCfg = Debug|Any CPU
		{510DB09B-C96F-4DA8-BFDC-D5C98A2E8856}.Debug|Any CPU.Build.0 = Debug|Any CPU
		{510DB09B-C96F-4DA8-BFDC-D5C98A2E8856}.Release|Any CPU.ActiveCfg = Release|Any CPU
		{510DB09B-C96F-4DA8-BFDC-D5C98A2E8856}.Release|Any CPU.Build.0 = Release|Any CPU
	EndGlobalSection
EndGlobal
