
Microsoft Visual Studio Solution File, Format Version 12.00
Project("{FAE04EC0-301F-11D3-BF4B-00C04F79EFBC}") = "BitwiseOperators", "BitwiseOperators\BitwiseOperators.csproj", "{D5BBDD87-3A65-4313-839F-9F9E5AC9991A}"
EndProject
Global
	GlobalSection(SolutionConfigurationPlatforms) = preSolution
		Debug|Any CPU = Debug|Any CPU
		Release|Any CPU = Release|Any CPU
	EndGlobalSection
	GlobalSection(ProjectConfigurationPlatforms) = postSolution
		{D5BBDD87-3A65-4313-839F-9F9E5AC9991A}.Debug|Any CPU.ActiveCfg = Debug|Any CPU
		{D5BBDD87-3A65-4313-839F-9F9E5AC9991A}.Debug|Any CPU.Build.0 = Debug|Any CPU
		{D5BBDD87-3A65-4313-839F-9F9E5AC9991A}.Release|Any CPU.ActiveCfg = Release|Any CPU
		{D5BBDD87-3A65-4313-839F-9F9E5AC9991A}.Release|Any CPU.Build.0 = Release|Any CPU
	EndGlobalSection
EndGlobal
