
Microsoft Visual Studio Solution File, Format Version 12.00
Project("{FAE04EC0-301F-11D3-BF4B-00C04F79EFBC}") = "function", "function\function.csproj", "{AD5F8AC1-E408-4042-993F-2B932B0031CA}"
EndProject
Global
	GlobalSection(SolutionConfigurationPlatforms) = preSolution
		Debug|Any CPU = Debug|Any CPU
		Release|Any CPU = Release|Any CPU
	EndGlobalSection
	GlobalSection(ProjectConfigurationPlatforms) = postSolution
		{AD5F8AC1-E408-4042-993F-2B932B0031CA}.Debug|Any CPU.ActiveCfg = Debug|Any CPU
		{AD5F8AC1-E408-4042-993F-2B932B0031CA}.Debug|Any CPU.Build.0 = Debug|Any CPU
		{AD5F8AC1-E408-4042-993F-2B932B0031CA}.Release|Any CPU.ActiveCfg = Release|Any CPU
		{AD5F8AC1-E408-4042-993F-2B932B0031CA}.Release|Any CPU.Build.0 = Release|Any CPU
	EndGlobalSection
EndGlobal
